
Microsoft Visual Studio Solution File, Format Version 12.00
# Visual Studio Version 17
VisualStudioVersion = 17.7.34024.191
MinimumVisualStudioVersion = 10.0.40219.1
Project("{FAE04EC0-301F-11D3-BF4B-00C04F79EFBC}") = "TrackingSystem", "TrackingSystem\TrackingSystem.csproj", "{8CE8B5F9-6B6C-49E3-A391-E19DC053B478}"
EndProject
Global
	GlobalSection(SolutionConfigurationPlatforms) = preSolution
		Debug|Any CPU = Debug|Any CPU
		Release|Any CPU = Release|Any CPU
	EndGlobalSection
	GlobalSection(ProjectConfigurationPlatforms) = postSolution
		{8CE8B5F9-6B6C-49E3-A391-E19DC053B478}.Debug|Any CPU.ActiveCfg = Debug|Any CPU
		{8CE8B5F9-6B6C-49E3-A391-E19DC053B478}.Debug|Any CPU.Build.0 = Debug|Any CPU
		{8CE8B5F9-6B6C-49E3-A391-E19DC053B478}.Release|Any CPU.ActiveCfg = Release|Any CPU
		{8CE8B5F9-6B6C-49E3-A391-E19DC053B478}.Release|Any CPU.Build.0 = Release|Any CPU
	EndGlobalSection
	GlobalSection(SolutionProperties) = preSolution
		HideSolutionNode = FALSE
	EndGlobalSection
	GlobalSection(ExtensibilityGlobals) = postSolution
		SolutionGuid = {029AE339-402E-4330-9990-D5412DC98550}
	EndGlobalSection
EndGlobal
